// !$*UTF8*$!
{
	archiveVersion = 1;
	classes = {
	};
	objectVersion = 52;
	objects = {

/* Begin PBXBuildFile section */
		0182BAD19034FD3E8439FC80 /* Pods_mobile_architecture.framework in Frameworks */ = {isa = PBXBuildFile; fileRef = CF27B9223B67DAC481A40976 /* Pods_mobile_architecture.framework */; };
		B116F7ED2563DE6600ED3FB2 /* AppDelegate.swift in Sources */ = {isa = PBXBuildFile; fileRef = B116F7EC2563DE6600ED3FB2 /* AppDelegate.swift */; };
		B116F7EF2563DE6600ED3FB2 /* SceneDelegate.swift in Sources */ = {isa = PBXBuildFile; fileRef = B116F7EE2563DE6600ED3FB2 /* SceneDelegate.swift */; };
		B116F7F42563DE6600ED3FB2 /* Main.storyboard in Resources */ = {isa = PBXBuildFile; fileRef = B116F7F22563DE6600ED3FB2 /* Main.storyboard */; };
		B116F7F72563DE6600ED3FB2 /* mobile_architecture.xcdatamodeld in Sources */ = {isa = PBXBuildFile; fileRef = B116F7F52563DE6600ED3FB2 /* mobile_architecture.xcdatamodeld */; };
		B116F7F92563DE6D00ED3FB2 /* Assets.xcassets in Resources */ = {isa = PBXBuildFile; fileRef = B116F7F82563DE6D00ED3FB2 /* Assets.xcassets */; };
		B116F7FC2563DE6D00ED3FB2 /* LaunchScreen.storyboard in Resources */ = {isa = PBXBuildFile; fileRef = B116F7FA2563DE6D00ED3FB2 /* LaunchScreen.storyboard */; };
		B116F8072563DE6E00ED3FB2 /* mobile_architectureTests.swift in Sources */ = {isa = PBXBuildFile; fileRef = B116F8062563DE6E00ED3FB2 /* mobile_architectureTests.swift */; };
		B116F8122563DE6E00ED3FB2 /* mobile_architectureUITests.swift in Sources */ = {isa = PBXBuildFile; fileRef = B116F8112563DE6E00ED3FB2 /* mobile_architectureUITests.swift */; };
		B11D152525651A28008C68AF /* Reachability in Frameworks */ = {isa = PBXBuildFile; productRef = B11D152425651A28008C68AF /* Reachability */; };
		B11D155125651D46008C68AF /* Storyboarded.swift in Sources */ = {isa = PBXBuildFile; fileRef = B11D155025651D46008C68AF /* Storyboarded.swift */; };
		B11D155225651D46008C68AF /* Coordinator.swift in Sources */ = {isa = PBXBuildFile; fileRef = B11D154F25651D46008C68AF /* Coordinator.swift */; };
		B11D155A25651D6E008C68AF /* ExtensionArray.swift in Sources */ = {isa = PBXBuildFile; fileRef = B11D155925651D6E008C68AF /* ExtensionArray.swift */; };
		B11D156225651D74008C68AF /* DialogTransitioningDelegate.swift in Sources */ = {isa = PBXBuildFile; fileRef = B11D155F25651D73008C68AF /* DialogTransitioningDelegate.swift */; };
		B11D156325651D74008C68AF /* StretchyHeaderViewFlowLayout.swift in Sources */ = {isa = PBXBuildFile; fileRef = B11D155E25651D73008C68AF /* StretchyHeaderViewFlowLayout.swift */; };
		B11D156425651D74008C68AF /* InformationDialog.swift in Sources */ = {isa = PBXBuildFile; fileRef = B11D156025651D73008C68AF /* InformationDialog.swift */; };
		B11D156925651D7C008C68AF /* Box.swift in Sources */ = {isa = PBXBuildFile; fileRef = B11D156825651D7C008C68AF /* Box.swift */; };
		B11D157825651DC0008C68AF /* HeroesResponse.swift in Sources */ = {isa = PBXBuildFile; fileRef = B11D157725651DC0008C68AF /* HeroesResponse.swift */; };
		B11D158925651DF6008C68AF /* APIConstant.swift in Sources */ = {isa = PBXBuildFile; fileRef = B11D158825651DF6008C68AF /* APIConstant.swift */; };
		B11D158A25651DF6008C68AF /* Networking.swift in Sources */ = {isa = PBXBuildFile; fileRef = B11D158725651DF6008C68AF /* Networking.swift */; };
		B11D159525651E1A008C68AF /* MainCoordinator.swift in Sources */ = {isa = PBXBuildFile; fileRef = B11D159225651E1A008C68AF /* MainCoordinator.swift */; };
		B11D159625651E1A008C68AF /* ViewModel.swift in Sources */ = {isa = PBXBuildFile; fileRef = B11D159425651E1A008C68AF /* ViewModel.swift */; };
		B11D159725651E1A008C68AF /* ViewController.swift in Sources */ = {isa = PBXBuildFile; fileRef = B11D159325651E1A008C68AF /* ViewController.swift */; };
		B11D159D25651E2B008C68AF /* HeaderCollectionReusableView.swift in Sources */ = {isa = PBXBuildFile; fileRef = B11D159B25651E2B008C68AF /* HeaderCollectionReusableView.swift */; };
		B11D15A425651E2F008C68AF /* RolesCollectionViewCell.swift in Sources */ = {isa = PBXBuildFile; fileRef = B11D15A325651E2F008C68AF /* RolesCollectionViewCell.swift */; };
		B11D15AC25651E35008C68AF /* ListHeroesCollectionViewCell.swift in Sources */ = {isa = PBXBuildFile; fileRef = B11D15A925651E34008C68AF /* ListHeroesCollectionViewCell.swift */; };
		B11D15AD25651E35008C68AF /* HeroCollectionViewCell.swift in Sources */ = {isa = PBXBuildFile; fileRef = B11D15A825651E34008C68AF /* HeroCollectionViewCell.swift */; };
		B11D15C525651EE7008C68AF /* FilterRoleCollectionViewCell.swift in Sources */ = {isa = PBXBuildFile; fileRef = B11D15C425651EE7008C68AF /* FilterRoleCollectionViewCell.swift */; };
		B1B743DA25652B44005C4D6C /* Kingfisher in Frameworks */ = {isa = PBXBuildFile; productRef = B1B743D925652B44005C4D6C /* Kingfisher */; };
		B1B743F02565414C005C4D6C /* FilterRoleCollectionViewCell.xib in Sources */ = {isa = PBXBuildFile; fileRef = B11D15A125651E2F008C68AF /* FilterRoleCollectionViewCell.xib */; };
		B1B743F12565414C005C4D6C /* RolesCollectionViewCell.xib in Sources */ = {isa = PBXBuildFile; fileRef = B11D15A225651E2F008C68AF /* RolesCollectionViewCell.xib */; };
		B1B743F22565414C005C4D6C /* HeroCollectionViewCell.xib in Sources */ = {isa = PBXBuildFile; fileRef = B11D15AB25651E34008C68AF /* HeroCollectionViewCell.xib */; };
		B1B743F32565414C005C4D6C /* ListHeroesCollectionViewCell.xib in Sources */ = {isa = PBXBuildFile; fileRef = B11D15AA25651E34008C68AF /* ListHeroesCollectionViewCell.xib */; };
		B1B743F42565414C005C4D6C /* HeaderCollectionReusableView.xib in Sources */ = {isa = PBXBuildFile; fileRef = B11D159C25651E2B008C68AF /* HeaderCollectionReusableView.xib */; };
/* End PBXBuildFile section */

/* Begin PBXContainerItemProxy section */
		B116F8032563DE6E00ED3FB2 /* PBXContainerItemProxy */ = {
			isa = PBXContainerItemProxy;
			containerPortal = B116F7E12563DE6600ED3FB2 /* Project object */;
			proxyType = 1;
			remoteGlobalIDString = B116F7E82563DE6600ED3FB2;
			remoteInfo = mobile_architecture;
		};
		B116F80E2563DE6E00ED3FB2 /* PBXContainerItemProxy */ = {
			isa = PBXContainerItemProxy;
			containerPortal = B116F7E12563DE6600ED3FB2 /* Project object */;
			proxyType = 1;
			remoteGlobalIDString = B116F7E82563DE6600ED3FB2;
			remoteInfo = mobile_architecture;
		};
/* End PBXContainerItemProxy section */

/* Begin PBXFileReference section */
		357A9AFB396071C84680BBF8 /* Pods-mobile_architecture.release.xcconfig */ = {isa = PBXFileReference; includeInIndex = 1; lastKnownFileType = text.xcconfig; name = "Pods-mobile_architecture.release.xcconfig"; path = "Target Support Files/Pods-mobile_architecture/Pods-mobile_architecture.release.xcconfig"; sourceTree = "<group>"; };
		A461CCDDA6168834CBD98342 /* Pods-mobile_architecture.debug.xcconfig */ = {isa = PBXFileReference; includeInIndex = 1; lastKnownFileType = text.xcconfig; name = "Pods-mobile_architecture.debug.xcconfig"; path = "Target Support Files/Pods-mobile_architecture/Pods-mobile_architecture.debug.xcconfig"; sourceTree = "<group>"; };
		B116F7E92563DE6600ED3FB2 /* mobile_architecture.app */ = {isa = PBXFileReference; explicitFileType = wrapper.application; includeInIndex = 0; path = mobile_architecture.app; sourceTree = BUILT_PRODUCTS_DIR; };
		B116F7EC2563DE6600ED3FB2 /* AppDelegate.swift */ = {isa = PBXFileReference; lastKnownFileType = sourcecode.swift; path = AppDelegate.swift; sourceTree = "<group>"; };
		B116F7EE2563DE6600ED3FB2 /* SceneDelegate.swift */ = {isa = PBXFileReference; lastKnownFileType = sourcecode.swift; path = SceneDelegate.swift; sourceTree = "<group>"; };
		B116F7F32563DE6600ED3FB2 /* Base */ = {isa = PBXFileReference; lastKnownFileType = file.storyboard; name = Base; path = Base.lproj/Main.storyboard; sourceTree = "<group>"; };
		B116F7F62563DE6600ED3FB2 /* mobile_architecture.xcdatamodel */ = {isa = PBXFileReference; lastKnownFileType = wrapper.xcdatamodel; path = mobile_architecture.xcdatamodel; sourceTree = "<group>"; };
		B116F7F82563DE6D00ED3FB2 /* Assets.xcassets */ = {isa = PBXFileReference; lastKnownFileType = folder.assetcatalog; path = Assets.xcassets; sourceTree = "<group>"; };
		B116F7FB2563DE6D00ED3FB2 /* Base */ = {isa = PBXFileReference; lastKnownFileType = file.storyboard; name = Base; path = Base.lproj/LaunchScreen.storyboard; sourceTree = "<group>"; };
		B116F7FD2563DE6D00ED3FB2 /* Info.plist */ = {isa = PBXFileReference; lastKnownFileType = text.plist.xml; path = Info.plist; sourceTree = "<group>"; };
		B116F8022563DE6E00ED3FB2 /* mobile_architectureTests.xctest */ = {isa = PBXFileReference; explicitFileType = wrapper.cfbundle; includeInIndex = 0; path = mobile_architectureTests.xctest; sourceTree = BUILT_PRODUCTS_DIR; };
		B116F8062563DE6E00ED3FB2 /* mobile_architectureTests.swift */ = {isa = PBXFileReference; lastKnownFileType = sourcecode.swift; path = mobile_architectureTests.swift; sourceTree = "<group>"; };
		B116F8082563DE6E00ED3FB2 /* Info.plist */ = {isa = PBXFileReference; lastKnownFileType = text.plist.xml; path = Info.plist; sourceTree = "<group>"; };
		B116F80D2563DE6E00ED3FB2 /* mobile_architectureUITests.xctest */ = {isa = PBXFileReference; explicitFileType = wrapper.cfbundle; includeInIndex = 0; path = mobile_architectureUITests.xctest; sourceTree = BUILT_PRODUCTS_DIR; };
		B116F8112563DE6E00ED3FB2 /* mobile_architectureUITests.swift */ = {isa = PBXFileReference; lastKnownFileType = sourcecode.swift; path = mobile_architectureUITests.swift; sourceTree = "<group>"; };
		B116F8132563DE6E00ED3FB2 /* Info.plist */ = {isa = PBXFileReference; lastKnownFileType = text.plist.xml; path = Info.plist; sourceTree = "<group>"; };
		B11D154F25651D46008C68AF /* Coordinator.swift */ = {isa = PBXFileReference; lastKnownFileType = sourcecode.swift; path = Coordinator.swift; sourceTree = "<group>"; };
		B11D155025651D46008C68AF /* Storyboarded.swift */ = {isa = PBXFileReference; lastKnownFileType = sourcecode.swift; path = Storyboarded.swift; sourceTree = "<group>"; };
		B11D155925651D6E008C68AF /* ExtensionArray.swift */ = {isa = PBXFileReference; lastKnownFileType = sourcecode.swift; path = ExtensionArray.swift; sourceTree = "<group>"; };
		B11D155E25651D73008C68AF /* StretchyHeaderViewFlowLayout.swift */ = {isa = PBXFileReference; lastKnownFileType = sourcecode.swift; path = StretchyHeaderViewFlowLayout.swift; sourceTree = "<group>"; };
		B11D155F25651D73008C68AF /* DialogTransitioningDelegate.swift */ = {isa = PBXFileReference; lastKnownFileType = sourcecode.swift; path = DialogTransitioningDelegate.swift; sourceTree = "<group>"; };
		B11D156025651D73008C68AF /* InformationDialog.swift */ = {isa = PBXFileReference; lastKnownFileType = sourcecode.swift; path = InformationDialog.swift; sourceTree = "<group>"; };
		B11D156125651D74008C68AF /* InformationDialog.xib */ = {isa = PBXFileReference; lastKnownFileType = file.xib; path = InformationDialog.xib; sourceTree = "<group>"; };
		B11D156825651D7C008C68AF /* Box.swift */ = {isa = PBXFileReference; lastKnownFileType = sourcecode.swift; path = Box.swift; sourceTree = "<group>"; };
		B11D157725651DC0008C68AF /* HeroesResponse.swift */ = {isa = PBXFileReference; lastKnownFileType = sourcecode.swift; path = HeroesResponse.swift; sourceTree = "<group>"; };
		B11D158725651DF6008C68AF /* Networking.swift */ = {isa = PBXFileReference; lastKnownFileType = sourcecode.swift; path = Networking.swift; sourceTree = "<group>"; };
		B11D158825651DF6008C68AF /* APIConstant.swift */ = {isa = PBXFileReference; lastKnownFileType = sourcecode.swift; path = APIConstant.swift; sourceTree = "<group>"; };
		B11D159225651E1A008C68AF /* MainCoordinator.swift */ = {isa = PBXFileReference; lastKnownFileType = sourcecode.swift; path = MainCoordinator.swift; sourceTree = "<group>"; };
		B11D159325651E1A008C68AF /* ViewController.swift */ = {isa = PBXFileReference; lastKnownFileType = sourcecode.swift; path = ViewController.swift; sourceTree = "<group>"; };
		B11D159425651E1A008C68AF /* ViewModel.swift */ = {isa = PBXFileReference; lastKnownFileType = sourcecode.swift; path = ViewModel.swift; sourceTree = "<group>"; };
		B11D159B25651E2B008C68AF /* HeaderCollectionReusableView.swift */ = {isa = PBXFileReference; lastKnownFileType = sourcecode.swift; path = HeaderCollectionReusableView.swift; sourceTree = "<group>"; };
		B11D159C25651E2B008C68AF /* HeaderCollectionReusableView.xib */ = {isa = PBXFileReference; lastKnownFileType = file.xib; path = HeaderCollectionReusableView.xib; sourceTree = "<group>"; };
		B11D15A125651E2F008C68AF /* FilterRoleCollectionViewCell.xib */ = {isa = PBXFileReference; lastKnownFileType = file.xib; path = FilterRoleCollectionViewCell.xib; sourceTree = "<group>"; };
		B11D15A225651E2F008C68AF /* RolesCollectionViewCell.xib */ = {isa = PBXFileReference; lastKnownFileType = file.xib; path = RolesCollectionViewCell.xib; sourceTree = "<group>"; };
		B11D15A325651E2F008C68AF /* RolesCollectionViewCell.swift */ = {isa = PBXFileReference; lastKnownFileType = sourcecode.swift; path = RolesCollectionViewCell.swift; sourceTree = "<group>"; };
		B11D15A825651E34008C68AF /* HeroCollectionViewCell.swift */ = {isa = PBXFileReference; lastKnownFileType = sourcecode.swift; path = HeroCollectionViewCell.swift; sourceTree = "<group>"; };
		B11D15A925651E34008C68AF /* ListHeroesCollectionViewCell.swift */ = {isa = PBXFileReference; lastKnownFileType = sourcecode.swift; path = ListHeroesCollectionViewCell.swift; sourceTree = "<group>"; };
		B11D15AA25651E34008C68AF /* ListHeroesCollectionViewCell.xib */ = {isa = PBXFileReference; lastKnownFileType = file.xib; path = ListHeroesCollectionViewCell.xib; sourceTree = "<group>"; };
		B11D15AB25651E34008C68AF /* HeroCollectionViewCell.xib */ = {isa = PBXFileReference; lastKnownFileType = file.xib; path = HeroCollectionViewCell.xib; sourceTree = "<group>"; };
		B11D15C425651EE7008C68AF /* FilterRoleCollectionViewCell.swift */ = {isa = PBXFileReference; fileEncoding = 4; lastKnownFileType = sourcecode.swift; path = FilterRoleCollectionViewCell.swift; sourceTree = "<group>"; };
		CF27B9223B67DAC481A40976 /* Pods_mobile_architecture.framework */ = {isa = PBXFileReference; explicitFileType = wrapper.framework; includeInIndex = 0; path = Pods_mobile_architecture.framework; sourceTree = BUILT_PRODUCTS_DIR; };
/* End PBXFileReference section */

/* Begin PBXFrameworksBuildPhase section */
		B116F7E62563DE6600ED3FB2 /* Frameworks */ = {
			isa = PBXFrameworksBuildPhase;
			buildActionMask = 2147483647;
			files = (
				B1B743DA25652B44005C4D6C /* Kingfisher in Frameworks */,
				B11D152525651A28008C68AF /* Reachability in Frameworks */,
				0182BAD19034FD3E8439FC80 /* Pods_mobile_architecture.framework in Frameworks */,
			);
			runOnlyForDeploymentPostprocessing = 0;
		};
		B116F7FF2563DE6E00ED3FB2 /* Frameworks */ = {
			isa = PBXFrameworksBuildPhase;
			buildActionMask = 2147483647;
			files = (
			);
			runOnlyForDeploymentPostprocessing = 0;
		};
		B116F80A2563DE6E00ED3FB2 /* Frameworks */ = {
			isa = PBXFrameworksBuildPhase;
			buildActionMask = 2147483647;
			files = (
			);
			runOnlyForDeploymentPostprocessing = 0;
		};
/* End PBXFrameworksBuildPhase section */

/* Begin PBXGroup section */
		9B461705663E21F8A8A529BD /* Frameworks */ = {
			isa = PBXGroup;
			children = (
				CF27B9223B67DAC481A40976 /* Pods_mobile_architecture.framework */,
			);
			name = Frameworks;
			sourceTree = "<group>";
		};
		A2BBEFAAE2CC6A9CA285CCBD /* Pods */ = {
			isa = PBXGroup;
			children = (
				A461CCDDA6168834CBD98342 /* Pods-mobile_architecture.debug.xcconfig */,
				357A9AFB396071C84680BBF8 /* Pods-mobile_architecture.release.xcconfig */,
			);
			path = Pods;
			sourceTree = "<group>";
		};
		B116F7E02563DE6600ED3FB2 = {
			isa = PBXGroup;
			children = (
				B116F7EB2563DE6600ED3FB2 /* mobile_architecture */,
				B116F8052563DE6E00ED3FB2 /* mobile_architectureTests */,
				B116F8102563DE6E00ED3FB2 /* mobile_architectureUITests */,
				B116F7EA2563DE6600ED3FB2 /* Products */,
				A2BBEFAAE2CC6A9CA285CCBD /* Pods */,
				9B461705663E21F8A8A529BD /* Frameworks */,
			);
			sourceTree = "<group>";
		};
		B116F7EA2563DE6600ED3FB2 /* Products */ = {
			isa = PBXGroup;
			children = (
				B116F7E92563DE6600ED3FB2 /* mobile_architecture.app */,
				B116F8022563DE6E00ED3FB2 /* mobile_architectureTests.xctest */,
				B116F80D2563DE6E00ED3FB2 /* mobile_architectureUITests.xctest */,
			);
			name = Products;
			sourceTree = "<group>";
		};
		B116F7EB2563DE6600ED3FB2 /* mobile_architecture */ = {
			isa = PBXGroup;
			children = (
				B116F7EC2563DE6600ED3FB2 /* AppDelegate.swift */,
				B116F7EE2563DE6600ED3FB2 /* SceneDelegate.swift */,
				B11D158E25651DFA008C68AF /* Networking */,
				B11D157C25651DC6008C68AF /* Models */,
				B11D157025651D94008C68AF /* Helpers */,
				B11D15B425651E4A008C68AF /* Modules */,
				B11D158625651DEC008C68AF /* Resources */,
				B116F7FD2563DE6D00ED3FB2 /* Info.plist */,
				B116F7F52563DE6600ED3FB2 /* mobile_architecture.xcdatamodeld */,
			);
			path = mobile_architecture;
			sourceTree = "<group>";
		};
		B116F8052563DE6E00ED3FB2 /* mobile_architectureTests */ = {
			isa = PBXGroup;
			children = (
				B116F8062563DE6E00ED3FB2 /* mobile_architectureTests.swift */,
				B116F8082563DE6E00ED3FB2 /* Info.plist */,
			);
			path = mobile_architectureTests;
			sourceTree = "<group>";
		};
		B116F8102563DE6E00ED3FB2 /* mobile_architectureUITests */ = {
			isa = PBXGroup;
			children = (
				B116F8112563DE6E00ED3FB2 /* mobile_architectureUITests.swift */,
				B116F8132563DE6E00ED3FB2 /* Info.plist */,
			);
			path = mobile_architectureUITests;
			sourceTree = "<group>";
		};
		B11D157025651D94008C68AF /* Helpers */ = {
			isa = PBXGroup;
			children = (
				B11D157325651DB2008C68AF /* Utils */,
				B11D157125651DA0008C68AF /* UI */,
				B11D157225651DA8008C68AF /* Extension */,
			);
			path = Helpers;
			sourceTree = "<group>";
		};
		B11D157125651DA0008C68AF /* UI */ = {
			isa = PBXGroup;
			children = (
				B11D155F25651D73008C68AF /* DialogTransitioningDelegate.swift */,
				B11D156025651D73008C68AF /* InformationDialog.swift */,
				B11D156125651D74008C68AF /* InformationDialog.xib */,
				B11D155E25651D73008C68AF /* StretchyHeaderViewFlowLayout.swift */,
			);
			path = UI;
			sourceTree = "<group>";
		};
		B11D157225651DA8008C68AF /* Extension */ = {
			isa = PBXGroup;
			children = (
				B11D155925651D6E008C68AF /* ExtensionArray.swift */,
			);
			path = Extension;
			sourceTree = "<group>";
		};
		B11D157325651DB2008C68AF /* Utils */ = {
			isa = PBXGroup;
			children = (
				B11D156825651D7C008C68AF /* Box.swift */,
				B11D154F25651D46008C68AF /* Coordinator.swift */,
				B11D155025651D46008C68AF /* Storyboarded.swift */,
			);
			path = Utils;
			sourceTree = "<group>";
		};
		B11D157C25651DC6008C68AF /* Models */ = {
			isa = PBXGroup;
			children = (
				B11D157725651DC0008C68AF /* HeroesResponse.swift */,
			);
			path = Models;
			sourceTree = "<group>";
		};
		B11D158625651DEC008C68AF /* Resources */ = {
			isa = PBXGroup;
			children = (
				B116F7F22563DE6600ED3FB2 /* Main.storyboard */,
				B116F7F82563DE6D00ED3FB2 /* Assets.xcassets */,
				B116F7FA2563DE6D00ED3FB2 /* LaunchScreen.storyboard */,
			);
			path = Resources;
			sourceTree = "<group>";
		};
		B11D158E25651DFA008C68AF /* Networking */ = {
			isa = PBXGroup;
			children = (
				B11D158825651DF6008C68AF /* APIConstant.swift */,
				B11D158725651DF6008C68AF /* Networking.swift */,
			);
			path = Networking;
			sourceTree = "<group>";
		};
		B11D15B425651E4A008C68AF /* Modules */ = {
			isa = PBXGroup;
			children = (
				B11D15B825651E56008C68AF /* Main */,
			);
			path = Modules;
			sourceTree = "<group>";
		};
		B11D15B825651E56008C68AF /* Main */ = {
			isa = PBXGroup;
			children = (
				B11D15B925651E5D008C68AF /* Cell */,
				B11D159225651E1A008C68AF /* MainCoordinator.swift */,
				B11D159325651E1A008C68AF /* ViewController.swift */,
				B11D159425651E1A008C68AF /* ViewModel.swift */,
			);
			path = Main;
			sourceTree = "<group>";
		};
		B11D15B925651E5D008C68AF /* Cell */ = {
			isa = PBXGroup;
			children = (
				B11D15BE25651E87008C68AF /* Content */,
				B11D15BA25651E65008C68AF /* Header */,
			);
			path = Cell;
			sourceTree = "<group>";
		};
		B11D15BA25651E65008C68AF /* Header */ = {
			isa = PBXGroup;
			children = (
				B11D159B25651E2B008C68AF /* HeaderCollectionReusableView.swift */,
				B11D159C25651E2B008C68AF /* HeaderCollectionReusableView.xib */,
			);
			path = Header;
			sourceTree = "<group>";
		};
		B11D15BE25651E87008C68AF /* Content */ = {
			isa = PBXGroup;
			children = (
				B11D15C025651ED8008C68AF /* Filter */,
				B11D15BF25651EBA008C68AF /* Hero */,
			);
			path = Content;
			sourceTree = "<group>";
		};
		B11D15BF25651EBA008C68AF /* Hero */ = {
			isa = PBXGroup;
			children = (
				B11D15A825651E34008C68AF /* HeroCollectionViewCell.swift */,
				B11D15AB25651E34008C68AF /* HeroCollectionViewCell.xib */,
				B11D15A925651E34008C68AF /* ListHeroesCollectionViewCell.swift */,
				B11D15AA25651E34008C68AF /* ListHeroesCollectionViewCell.xib */,
			);
			path = Hero;
			sourceTree = "<group>";
		};
		B11D15C025651ED8008C68AF /* Filter */ = {
			isa = PBXGroup;
			children = (
				B11D15C425651EE7008C68AF /* FilterRoleCollectionViewCell.swift */,
				B11D15A125651E2F008C68AF /* FilterRoleCollectionViewCell.xib */,
				B11D15A325651E2F008C68AF /* RolesCollectionViewCell.swift */,
				B11D15A225651E2F008C68AF /* RolesCollectionViewCell.xib */,
			);
			path = Filter;
			sourceTree = "<group>";
		};
/* End PBXGroup section */

/* Begin PBXNativeTarget section */
		B116F7E82563DE6600ED3FB2 /* mobile_architecture */ = {
			isa = PBXNativeTarget;
			buildConfigurationList = B116F8162563DE6E00ED3FB2 /* Build configuration list for PBXNativeTarget "mobile_architecture" */;
			buildPhases = (
				7084EDF9893C076EEC7A7D3A /* [CP] Check Pods Manifest.lock */,
				B116F7E52563DE6600ED3FB2 /* Sources */,
				B116F7E62563DE6600ED3FB2 /* Frameworks */,
				B116F7E72563DE6600ED3FB2 /* Resources */,
			);
			buildRules = (
			);
			dependencies = (
			);
			name = mobile_architecture;
			packageProductDependencies = (
				B11D152425651A28008C68AF /* Reachability */,
				B1B743D925652B44005C4D6C /* Kingfisher */,
			);
			productName = mobile_architecture;
			productReference = B116F7E92563DE6600ED3FB2 /* mobile_architecture.app */;
			productType = "com.apple.product-type.application";
		};
		B116F8012563DE6E00ED3FB2 /* mobile_architectureTests */ = {
			isa = PBXNativeTarget;
			buildConfigurationList = B116F8192563DE6E00ED3FB2 /* Build configuration list for PBXNativeTarget "mobile_architectureTests" */;
			buildPhases = (
				B116F7FE2563DE6E00ED3FB2 /* Sources */,
				B116F7FF2563DE6E00ED3FB2 /* Frameworks */,
				B116F8002563DE6E00ED3FB2 /* Resources */,
			);
			buildRules = (
			);
			dependencies = (
				B116F8042563DE6E00ED3FB2 /* PBXTargetDependency */,
			);
			name = mobile_architectureTests;
			productName = mobile_architectureTests;
			productReference = B116F8022563DE6E00ED3FB2 /* mobile_architectureTests.xctest */;
			productType = "com.apple.product-type.bundle.unit-test";
		};
		B116F80C2563DE6E00ED3FB2 /* mobile_architectureUITests */ = {
			isa = PBXNativeTarget;
			buildConfigurationList = B116F81C2563DE6E00ED3FB2 /* Build configuration list for PBXNativeTarget "mobile_architectureUITests" */;
			buildPhases = (
				B116F8092563DE6E00ED3FB2 /* Sources */,
				B116F80A2563DE6E00ED3FB2 /* Frameworks */,
				B116F80B2563DE6E00ED3FB2 /* Resources */,
			);
			buildRules = (
			);
			dependencies = (
				B116F80F2563DE6E00ED3FB2 /* PBXTargetDependency */,
			);
			name = mobile_architectureUITests;
			productName = mobile_architectureUITests;
			productReference = B116F80D2563DE6E00ED3FB2 /* mobile_architectureUITests.xctest */;
			productType = "com.apple.product-type.bundle.ui-testing";
		};
/* End PBXNativeTarget section */

/* Begin PBXProject section */
		B116F7E12563DE6600ED3FB2 /* Project object */ = {
			isa = PBXProject;
			attributes = {
				LastSwiftUpdateCheck = 1220;
				LastUpgradeCheck = 1220;
				TargetAttributes = {
					B116F7E82563DE6600ED3FB2 = {
						CreatedOnToolsVersion = 12.2;
					};
					B116F8012563DE6E00ED3FB2 = {
						CreatedOnToolsVersion = 12.2;
						TestTargetID = B116F7E82563DE6600ED3FB2;
					};
					B116F80C2563DE6E00ED3FB2 = {
						CreatedOnToolsVersion = 12.2;
						TestTargetID = B116F7E82563DE6600ED3FB2;
					};
				};
			};
			buildConfigurationList = B116F7E42563DE6600ED3FB2 /* Build configuration list for PBXProject "mobile_architecture" */;
			compatibilityVersion = "Xcode 9.3";
			developmentRegion = en;
			hasScannedForEncodings = 0;
			knownRegions = (
				en,
				Base,
			);
			mainGroup = B116F7E02563DE6600ED3FB2;
			packageReferences = (
				B11D152325651A28008C68AF /* XCRemoteSwiftPackageReference "Reachability" */,
				B1B743D825652B44005C4D6C /* XCRemoteSwiftPackageReference "Kingfisher" */,
			);
			productRefGroup = B116F7EA2563DE6600ED3FB2 /* Products */;
			projectDirPath = "";
			projectRoot = "";
			targets = (
				B116F7E82563DE6600ED3FB2 /* mobile_architecture */,
				B116F8012563DE6E00ED3FB2 /* mobile_architectureTests */,
				B116F80C2563DE6E00ED3FB2 /* mobile_architectureUITests */,
			);
		};
/* End PBXProject section */

/* Begin PBXResourcesBuildPhase section */
		B116F7E72563DE6600ED3FB2 /* Resources */ = {
			isa = PBXResourcesBuildPhase;
			buildActionMask = 2147483647;
			files = (
				B116F7FC2563DE6D00ED3FB2 /* LaunchScreen.storyboard in Resources */,
				B116F7F92563DE6D00ED3FB2 /* Assets.xcassets in Resources */,
				B116F7F42563DE6600ED3FB2 /* Main.storyboard in Resources */,
			);
			runOnlyForDeploymentPostprocessing = 0;
		};
		B116F8002563DE6E00ED3FB2 /* Resources */ = {
			isa = PBXResourcesBuildPhase;
			buildActionMask = 2147483647;
			files = (
			);
			runOnlyForDeploymentPostprocessing = 0;
		};
		B116F80B2563DE6E00ED3FB2 /* Resources */ = {
			isa = PBXResourcesBuildPhase;
			buildActionMask = 2147483647;
			files = (
			);
			runOnlyForDeploymentPostprocessing = 0;
		};
/* End PBXResourcesBuildPhase section */

/* Begin PBXShellScriptBuildPhase section */
		7084EDF9893C076EEC7A7D3A /* [CP] Check Pods Manifest.lock */ = {
			isa = PBXShellScriptBuildPhase;
			buildActionMask = 2147483647;
			files = (
			);
			inputFileListPaths = (
			);
			inputPaths = (
				"${PODS_PODFILE_DIR_PATH}/Podfile.lock",
				"${PODS_ROOT}/Manifest.lock",
			);
			name = "[CP] Check Pods Manifest.lock";
			outputFileListPaths = (
			);
			outputPaths = (
				"$(DERIVED_FILE_DIR)/Pods-mobile_architecture-checkManifestLockResult.txt",
			);
			runOnlyForDeploymentPostprocessing = 0;
			shellPath = /bin/sh;
			shellScript = "diff \"${PODS_PODFILE_DIR_PATH}/Podfile.lock\" \"${PODS_ROOT}/Manifest.lock\" > /dev/null\nif [ $? != 0 ] ; then\n    # print error to STDERR\n    echo \"error: The sandbox is not in sync with the Podfile.lock. Run 'pod install' or update your CocoaPods installation.\" >&2\n    exit 1\nfi\n# This output is used by Xcode 'outputs' to avoid re-running this script phase.\necho \"SUCCESS\" > \"${SCRIPT_OUTPUT_FILE_0}\"\n";
			showEnvVarsInLog = 0;
		};
/* End PBXShellScriptBuildPhase section */

/* Begin PBXSourcesBuildPhase section */
		B116F7E52563DE6600ED3FB2 /* Sources */ = {
			isa = PBXSourcesBuildPhase;
			buildActionMask = 2147483647;
			files = (
				B1B743F02565414C005C4D6C /* FilterRoleCollectionViewCell.xib in Sources */,
				B1B743F12565414C005C4D6C /* RolesCollectionViewCell.xib in Sources */,
				B1B743F22565414C005C4D6C /* HeroCollectionViewCell.xib in Sources */,
				B1B743F32565414C005C4D6C /* ListHeroesCollectionViewCell.xib in Sources */,
				B1B743F42565414C005C4D6C /* HeaderCollectionReusableView.xib in Sources */,
				B11D15AD25651E35008C68AF /* HeroCollectionViewCell.swift in Sources */,
				B11D15AC25651E35008C68AF /* ListHeroesCollectionViewCell.swift in Sources */,
				B11D157825651DC0008C68AF /* HeroesResponse.swift in Sources */,
				B11D159525651E1A008C68AF /* MainCoordinator.swift in Sources */,
				B11D156225651D74008C68AF /* DialogTransitioningDelegate.swift in Sources */,
				B116F7F72563DE6600ED3FB2 /* mobile_architecture.xcdatamodeld in Sources */,
				B11D158A25651DF6008C68AF /* Networking.swift in Sources */,
				B11D155225651D46008C68AF /* Coordinator.swift in Sources */,
				B11D15A425651E2F008C68AF /* RolesCollectionViewCell.swift in Sources */,
				B11D155125651D46008C68AF /* Storyboarded.swift in Sources */,
				B11D156925651D7C008C68AF /* Box.swift in Sources */,
				B11D156325651D74008C68AF /* StretchyHeaderViewFlowLayout.swift in Sources */,
				B11D156425651D74008C68AF /* InformationDialog.swift in Sources */,
				B11D15C525651EE7008C68AF /* FilterRoleCollectionViewCell.swift in Sources */,
				B11D159625651E1A008C68AF /* ViewModel.swift in Sources */,
				B11D158925651DF6008C68AF /* APIConstant.swift in Sources */,
				B116F7ED2563DE6600ED3FB2 /* AppDelegate.swift in Sources */,
				B11D159D25651E2B008C68AF /* HeaderCollectionReusableView.swift in Sources */,
				B11D155A25651D6E008C68AF /* ExtensionArray.swift in Sources */,
				B11D159725651E1A008C68AF /* ViewController.swift in Sources */,
				B116F7EF2563DE6600ED3FB2 /* SceneDelegate.swift in Sources */,
			);
			runOnlyForDeploymentPostprocessing = 0;
		};
		B116F7FE2563DE6E00ED3FB2 /* Sources */ = {
			isa = PBXSourcesBuildPhase;
			buildActionMask = 2147483647;
			files = (
				B116F8072563DE6E00ED3FB2 /* mobile_architectureTests.swift in Sources */,
			);
			runOnlyForDeploymentPostprocessing = 0;
		};
		B116F8092563DE6E00ED3FB2 /* Sources */ = {
			isa = PBXSourcesBuildPhase;
			buildActionMask = 2147483647;
			files = (
				B116F8122563DE6E00ED3FB2 /* mobile_architectureUITests.swift in Sources */,
			);
			runOnlyForDeploymentPostprocessing = 0;
		};
/* End PBXSourcesBuildPhase section */

/* Begin PBXTargetDependency section */
		B116F8042563DE6E00ED3FB2 /* PBXTargetDependency */ = {
			isa = PBXTargetDependency;
			target = B116F7E82563DE6600ED3FB2 /* mobile_architecture */;
			targetProxy = B116F8032563DE6E00ED3FB2 /* PBXContainerItemProxy */;
		};
		B116F80F2563DE6E00ED3FB2 /* PBXTargetDependency */ = {
			isa = PBXTargetDependency;
			target = B116F7E82563DE6600ED3FB2 /* mobile_architecture */;
			targetProxy = B116F80E2563DE6E00ED3FB2 /* PBXContainerItemProxy */;
		};
/* End PBXTargetDependency section */

/* Begin PBXVariantGroup section */
		B116F7F22563DE6600ED3FB2 /* Main.storyboard */ = {
			isa = PBXVariantGroup;
			children = (
				B116F7F32563DE6600ED3FB2 /* Base */,
			);
			name = Main.storyboard;
			sourceTree = "<group>";
		};
		B116F7FA2563DE6D00ED3FB2 /* LaunchScreen.storyboard */ = {
			isa = PBXVariantGroup;
			children = (
				B116F7FB2563DE6D00ED3FB2 /* Base */,
			);
			name = LaunchScreen.storyboard;
			sourceTree = "<group>";
		};
/* End PBXVariantGroup section */

/* Begin XCBuildConfiguration section */
		B116F8142563DE6E00ED3FB2 /* Debug */ = {
			isa = XCBuildConfiguration;
			buildSettings = {
				ALWAYS_SEARCH_USER_PATHS = NO;
				CLANG_ANALYZER_NONNULL = YES;
				CLANG_ANALYZER_NUMBER_OBJECT_CONVERSION = YES_AGGRESSIVE;
				CLANG_CXX_LANGUAGE_STANDARD = "gnu++14";
				CLANG_CXX_LIBRARY = "libc++";
				CLANG_ENABLE_MODULES = YES;
				CLANG_ENABLE_OBJC_ARC = YES;
				CLANG_ENABLE_OBJC_WEAK = YES;
				CLANG_WARN_BLOCK_CAPTURE_AUTORELEASING = YES;
				CLANG_WARN_BOOL_CONVERSION = YES;
				CLANG_WARN_COMMA = YES;
				CLANG_WARN_CONSTANT_CONVERSION = YES;
				CLANG_WARN_DEPRECATED_OBJC_IMPLEMENTATIONS = YES;
				CLANG_WARN_DIRECT_OBJC_ISA_USAGE = YES_ERROR;
				CLANG_WARN_DOCUMENTATION_COMMENTS = YES;
				CLANG_WARN_EMPTY_BODY = YES;
				CLANG_WARN_ENUM_CONVERSION = YES;
				CLANG_WARN_INFINITE_RECURSION = YES;
				CLANG_WARN_INT_CONVERSION = YES;
				CLANG_WARN_NON_LITERAL_NULL_CONVERSION = YES;
				CLANG_WARN_OBJC_IMPLICIT_RETAIN_SELF = YES;
				CLANG_WARN_OBJC_LITERAL_CONVERSION = YES;
				CLANG_WARN_OBJC_ROOT_CLASS = YES_ERROR;
				CLANG_WARN_QUOTED_INCLUDE_IN_FRAMEWORK_HEADER = YES;
				CLANG_WARN_RANGE_LOOP_ANALYSIS = YES;
				CLANG_WARN_STRICT_PROTOTYPES = YES;
				CLANG_WARN_SUSPICIOUS_MOVE = YES;
				CLANG_WARN_UNGUARDED_AVAILABILITY = YES_AGGRESSIVE;
				CLANG_WARN_UNREACHABLE_CODE = YES;
				CLANG_WARN__DUPLICATE_METHOD_MATCH = YES;
				COPY_PHASE_STRIP = NO;
				DEBUG_INFORMATION_FORMAT = dwarf;
				ENABLE_STRICT_OBJC_MSGSEND = YES;
				ENABLE_TESTABILITY = YES;
				GCC_C_LANGUAGE_STANDARD = gnu11;
				GCC_DYNAMIC_NO_PIC = NO;
				GCC_NO_COMMON_BLOCKS = YES;
				GCC_OPTIMIZATION_LEVEL = 0;
				GCC_PREPROCESSOR_DEFINITIONS = (
					"DEBUG=1",
					"$(inherited)",
				);
				GCC_WARN_64_TO_32_BIT_CONVERSION = YES;
				GCC_WARN_ABOUT_RETURN_TYPE = YES_ERROR;
				GCC_WARN_UNDECLARED_SELECTOR = YES;
				GCC_WARN_UNINITIALIZED_AUTOS = YES_AGGRESSIVE;
				GCC_WARN_UNUSED_FUNCTION = YES;
				GCC_WARN_UNUSED_VARIABLE = YES;
				IPHONEOS_DEPLOYMENT_TARGET = 14.2;
				MTL_ENABLE_DEBUG_INFO = INCLUDE_SOURCE;
				MTL_FAST_MATH = YES;
				ONLY_ACTIVE_ARCH = YES;
				SDKROOT = iphoneos;
				SWIFT_ACTIVE_COMPILATION_CONDITIONS = DEBUG;
				SWIFT_OPTIMIZATION_LEVEL = "-Onone";
			};
			name = Debug;
		};
		B116F8152563DE6E00ED3FB2 /* Release */ = {
			isa = XCBuildConfiguration;
			buildSettings = {
				ALWAYS_SEARCH_USER_PATHS = NO;
				CLANG_ANALYZER_NONNULL = YES;
				CLANG_ANALYZER_NUMBER_OBJECT_CONVERSION = YES_AGGRESSIVE;
				CLANG_CXX_LANGUAGE_STANDARD = "gnu++14";
				CLANG_CXX_LIBRARY = "libc++";
				CLANG_ENABLE_MODULES = YES;
				CLANG_ENABLE_OBJC_ARC = YES;
				CLANG_ENABLE_OBJC_WEAK = YES;
				CLANG_WARN_BLOCK_CAPTURE_AUTORELEASING = YES;
				CLANG_WARN_BOOL_CONVERSION = YES;
				CLANG_WARN_COMMA = YES;
				CLANG_WARN_CONSTANT_CONVERSION = YES;
				CLANG_WARN_DEPRECATED_OBJC_IMPLEMENTATIONS = YES;
				CLANG_WARN_DIRECT_OBJC_ISA_USAGE = YES_ERROR;
				CLANG_WARN_DOCUMENTATION_COMMENTS = YES;
				CLANG_WARN_EMPTY_BODY = YES;
				CLANG_WARN_ENUM_CONVERSION = YES;
				CLANG_WARN_INFINITE_RECURSION = YES;
				CLANG_WARN_INT_CONVERSION = YES;
				CLANG_WARN_NON_LITERAL_NULL_CONVERSION = YES;
				CLANG_WARN_OBJC_IMPLICIT_RETAIN_SELF = YES;
				CLANG_WARN_OBJC_LITERAL_CONVERSION = YES;
				CLANG_WARN_OBJC_ROOT_CLASS = YES_ERROR;
				CLANG_WARN_QUOTED_INCLUDE_IN_FRAMEWORK_HEADER = YES;
				CLANG_WARN_RANGE_LOOP_ANALYSIS = YES;
				CLANG_WARN_STRICT_PROTOTYPES = YES;
				CLANG_WARN_SUSPICIOUS_MOVE = YES;
				CLANG_WARN_UNGUARDED_AVAILABILITY = YES_AGGRESSIVE;
				CLANG_WARN_UNREACHABLE_CODE = YES;
				CLANG_WARN__DUPLICATE_METHOD_MATCH = YES;
				COPY_PHASE_STRIP = NO;
				DEBUG_INFORMATION_FORMAT = "dwarf-with-dsym";
				ENABLE_NS_ASSERTIONS = NO;
				ENABLE_STRICT_OBJC_MSGSEND = YES;
				GCC_C_LANGUAGE_STANDARD = gnu11;
				GCC_NO_COMMON_BLOCKS = YES;
				GCC_WARN_64_TO_32_BIT_CONVERSION = YES;
				GCC_WARN_ABOUT_RETURN_TYPE = YES_ERROR;
				GCC_WARN_UNDECLARED_SELECTOR = YES;
				GCC_WARN_UNINITIALIZED_AUTOS = YES_AGGRESSIVE;
				GCC_WARN_UNUSED_FUNCTION = YES;
				GCC_WARN_UNUSED_VARIABLE = YES;
				IPHONEOS_DEPLOYMENT_TARGET = 14.2;
				MTL_ENABLE_DEBUG_INFO = NO;
				MTL_FAST_MATH = YES;
				SDKROOT = iphoneos;
				SWIFT_COMPILATION_MODE = wholemodule;
				SWIFT_OPTIMIZATION_LEVEL = "-O";
				VALIDATE_PRODUCT = YES;
			};
			name = Release;
		};
		B116F8172563DE6E00ED3FB2 /* Debug */ = {
			isa = XCBuildConfiguration;
			baseConfigurationReference = A461CCDDA6168834CBD98342 /* Pods-mobile_architecture.debug.xcconfig */;
			buildSettings = {
				ASSETCATALOG_COMPILER_APPICON_NAME = AppIcon;
				ASSETCATALOG_COMPILER_GLOBAL_ACCENT_COLOR_NAME = AccentColor;
				CODE_SIGN_STYLE = Automatic;
				INFOPLIST_FILE = mobile_architecture/Info.plist;
				IPHONEOS_DEPLOYMENT_TARGET = 12.4;
				LD_RUNPATH_SEARCH_PATHS = (
					"$(inherited)",
					"@executable_path/Frameworks",
				);
				PRODUCT_BUNDLE_IDENTIFIER = "tedjakusuma.mobile-architecture";
				PRODUCT_NAME = "$(TARGET_NAME)";
				SWIFT_VERSION = 5.0;
				TARGETED_DEVICE_FAMILY = "1,2";
			};
			name = Debug;
		};
		B116F8182563DE6E00ED3FB2 /* Release */ = {
			isa = XCBuildConfiguration;
			baseConfigurationReference = 357A9AFB396071C84680BBF8 /* Pods-mobile_architecture.release.xcconfig */;
			buildSettings = {
				ASSETCATALOG_COMPILER_APPICON_NAME = AppIcon;
				ASSETCATALOG_COMPILER_GLOBAL_ACCENT_COLOR_NAME = AccentColor;
				CODE_SIGN_STYLE = Automatic;
				INFOPLIST_FILE = mobile_architecture/Info.plist;
				IPHONEOS_DEPLOYMENT_TARGET = 12.4;
				LD_RUNPATH_SEARCH_PATHS = (
					"$(inherited)",
					"@executable_path/Frameworks",
				);
				PRODUCT_BUNDLE_IDENTIFIER = "tedjakusuma.mobile-architecture";
				PRODUCT_NAME = "$(TARGET_NAME)";
				SWIFT_VERSION = 5.0;
				TARGETED_DEVICE_FAMILY = "1,2";
			};
			name = Release;
		};
		B116F81A2563DE6E00ED3FB2 /* Debug */ = {
			isa = XCBuildConfiguration;
			buildSettings = {
				ALWAYS_EMBED_SWIFT_STANDARD_LIBRARIES = YES;
				BUNDLE_LOADER = "$(TEST_HOST)";
				CODE_SIGN_STYLE = Automatic;
				INFOPLIST_FILE = mobile_architectureTests/Info.plist;
				IPHONEOS_DEPLOYMENT_TARGET = 14.2;
				LD_RUNPATH_SEARCH_PATHS = (
					"$(inherited)",
					"@executable_path/Frameworks",
					"@loader_path/Frameworks",
				);
				PRODUCT_BUNDLE_IDENTIFIER = "tedjakusuma.mobile-architectureTests";
				PRODUCT_NAME = "$(TARGET_NAME)";
				SWIFT_VERSION = 5.0;
				TARGETED_DEVICE_FAMILY = "1,2";
				TEST_HOST = "$(BUILT_PRODUCTS_DIR)/mobile_architecture.app/mobile_architecture";
			};
			name = Debug;
		};
		B116F81B2563DE6E00ED3FB2 /* Release */ = {
			isa = XCBuildConfiguration;
			buildSettings = {
				ALWAYS_EMBED_SWIFT_STANDARD_LIBRARIES = YES;
				BUNDLE_LOADER = "$(TEST_HOST)";
				CODE_SIGN_STYLE = Automatic;
				INFOPLIST_FILE = mobile_architectureTests/Info.plist;
				IPHONEOS_DEPLOYMENT_TARGET = 14.2;
				LD_RUNPATH_SEARCH_PATHS = (
					"$(inherited)",
					"@executable_path/Frameworks",
					"@loader_path/Frameworks",
				);
				PRODUCT_BUNDLE_IDENTIFIER = "tedjakusuma.mobile-architectureTests";
				PRODUCT_NAME = "$(TARGET_NAME)";
				SWIFT_VERSION = 5.0;
				TARGETED_DEVICE_FAMILY = "1,2";
				TEST_HOST = "$(BUILT_PRODUCTS_DIR)/mobile_architecture.app/mobile_architecture";
			};
			name = Release;
		};
		B116F81D2563DE6E00ED3FB2 /* Debug */ = {
			isa = XCBuildConfiguration;
			buildSettings = {
				ALWAYS_EMBED_SWIFT_STANDARD_LIBRARIES = YES;
				CODE_SIGN_STYLE = Automatic;
				INFOPLIST_FILE = mobile_architectureUITests/Info.plist;
				LD_RUNPATH_SEARCH_PATHS = (
					"$(inherited)",
					"@executable_path/Frameworks",
					"@loader_path/Frameworks",
				);
				PRODUCT_BUNDLE_IDENTIFIER = "tedjakusuma.mobile-architectureUITests";
				PRODUCT_NAME = "$(TARGET_NAME)";
				SWIFT_VERSION = 5.0;
				TARGETED_DEVICE_FAMILY = "1,2";
				TEST_TARGET_NAME = mobile_architecture;
			};
			name = Debug;
		};
		B116F81E2563DE6E00ED3FB2 /* Release */ = {
			isa = XCBuildConfiguration;
			buildSettings = {
				ALWAYS_EMBED_SWIFT_STANDARD_LIBRARIES = YES;
				CODE_SIGN_STYLE = Automatic;
				INFOPLIST_FILE = mobile_architectureUITests/Info.plist;
				LD_RUNPATH_SEARCH_PATHS = (
					"$(inherited)",
					"@executable_path/Frameworks",
					"@loader_path/Frameworks",
				);
				PRODUCT_BUNDLE_IDENTIFIER = "tedjakusuma.mobile-architectureUITests";
				PRODUCT_NAME = "$(TARGET_NAME)";
				SWIFT_VERSION = 5.0;
				TARGETED_DEVICE_FAMILY = "1,2";
				TEST_TARGET_NAME = mobile_architecture;
			};
			name = Release;
		};
/* End XCBuildConfiguration section */

/* Begin XCConfigurationList section */
		B116F7E42563DE6600ED3FB2 /* Build configuration list for PBXProject "mobile_architecture" */ = {
			isa = XCConfigurationList;
			buildConfigurations = (
				B116F8142563DE6E00ED3FB2 /* Debug */,
				B116F8152563DE6E00ED3FB2 /* Release */,
			);
			defaultConfigurationIsVisible = 0;
			defaultConfigurationName = Release;
		};
		B116F8162563DE6E00ED3FB2 /* Build configuration list for PBXNativeTarget "mobile_architecture" */ = {
			isa = XCConfigurationList;
			buildConfigurations = (
				B116F8172563DE6E00ED3FB2 /* Debug */,
				B116F8182563DE6E00ED3FB2 /* Release */,
			);
			defaultConfigurationIsVisible = 0;
			defaultConfigurationName = Release;
		};
		B116F8192563DE6E00ED3FB2 /* Build configuration list for PBXNativeTarget "mobile_architectureTests" */ = {
			isa = XCConfigurationList;
			buildConfigurations = (
				B116F81A2563DE6E00ED3FB2 /* Debug */,
				B116F81B2563DE6E00ED3FB2 /* Release */,
			);
			defaultConfigurationIsVisible = 0;
			defaultConfigurationName = Release;
		};
		B116F81C2563DE6E00ED3FB2 /* Build configuration list for PBXNativeTarget "mobile_architectureUITests" */ = {
			isa = XCConfigurationList;
			buildConfigurations = (
				B116F81D2563DE6E00ED3FB2 /* Debug */,
				B116F81E2563DE6E00ED3FB2 /* Release */,
			);
			defaultConfigurationIsVisible = 0;
			defaultConfigurationName = Release;
		};
/* End XCConfigurationList section */

/* Begin XCRemoteSwiftPackageReference section */
		B11D152325651A28008C68AF /* XCRemoteSwiftPackageReference "Reachability" */ = {
			isa = XCRemoteSwiftPackageReference;
			repositoryURL = "https://github.com/ashleymills/Reachability.swift";
			requirement = {
				kind = upToNextMajorVersion;
				minimumVersion = 5.1.0;
			};
		};
		B1B743D825652B44005C4D6C /* XCRemoteSwiftPackageReference "Kingfisher" */ = {
			isa = XCRemoteSwiftPackageReference;
			repositoryURL = "https://github.com/onevcat/Kingfisher.git";
			requirement = {
				kind = upToNextMajorVersion;
				minimumVersion = 5.15.7;
			};
		};
/* End XCRemoteSwiftPackageReference section */

/* Begin XCSwiftPackageProductDependency section */
		B11D152425651A28008C68AF /* Reachability */ = {
			isa = XCSwiftPackageProductDependency;
			package = B11D152325651A28008C68AF /* XCRemoteSwiftPackageReference "Reachability" */;
			productName = Reachability;
		};
		B1B743D925652B44005C4D6C /* Kingfisher */ = {
			isa = XCSwiftPackageProductDependency;
			package = B1B743D825652B44005C4D6C /* XCRemoteSwiftPackageReference "Kingfisher" */;
			productName = Kingfisher;
		};
/* End XCSwiftPackageProductDependency section */

/* Begin XCVersionGroup section */
		B116F7F52563DE6600ED3FB2 /* mobile_architecture.xcdatamodeld */ = {
			isa = XCVersionGroup;
			children = (
				B116F7F62563DE6600ED3FB2 /* mobile_architecture.xcdatamodel */,
			);
			currentVersion = B116F7F62563DE6600ED3FB2 /* mobile_architecture.xcdatamodel */;
			path = mobile_architecture.xcdatamodeld;
			sourceTree = "<group>";
			versionGroupType = wrapper.xcdatamodel;
		};
/* End XCVersionGroup section */
	};
	rootObject = B116F7E12563DE6600ED3FB2 /* Project object */;
}
